
Microsoft Visual Studio Solution File, Format Version 12.00
# Visual Studio 15
VisualStudioVersion = 15.0.27703.2026
MinimumVisualStudioVersion = 10.0.40219.1
Project("{FAE04EC0-301F-11D3-BF4B-00C04F79EFBC}") = "ViewAD", "ViewAD\ViewAD.csproj", "{AE6B981A-13A6-410B-AADC-3F744EC70A0C}"
EndProject
Global
	GlobalSection(SolutionConfigurationPlatforms) = preSolution
		Debug|Any CPU = Debug|Any CPU
		Release|Any CPU = Release|Any CPU
	EndGlobalSection
	GlobalSection(ProjectConfigurationPlatforms) = postSolution
		{AE6B981A-13A6-410B-AADC-3F744EC70A0C}.Debug|Any CPU.ActiveCfg = Debug|Any CPU
		{AE6B981A-13A6-410B-AADC-3F744EC70A0C}.Debug|Any CPU.Build.0 = Debug|Any CPU
		{AE6B981A-13A6-410B-AADC-3F744EC70A0C}.Release|Any CPU.ActiveCfg = Release|Any CPU
		{AE6B981A-13A6-410B-AADC-3F744EC70A0C}.Release|Any CPU.Build.0 = Release|Any CPU
	EndGlobalSection
	GlobalSection(SolutionProperties) = preSolution
		HideSolutionNode = FALSE
	EndGlobalSection
	GlobalSection(ExtensibilityGlobals) = postSolution
		SolutionGuid = {5D851F8D-1590-492A-AFDB-1F0EF8CAF005}
	EndGlobalSection
EndGlobal
